
Microsoft Visual Studio Solution File, Format Version 12.00
# Visual Studio Version 16
VisualStudioVersion = 16.0.32802.440
MinimumVisualStudioVersion = 10.0.40219.1
Project("{FAE04EC0-301F-11D3-BF4B-00C04F79EFBC}") = "BankApplicationAhmed", "BankApplicationAhmed.csproj", "{CABFCA96-A26B-4A8F-B923-AC5D92F68CE3}"
EndProject
Global
	GlobalSection(SolutionConfigurationPlatforms) = preSolution
		Debug|Any CPU = Debug|Any CPU
		Release|Any CPU = Release|Any CPU
	EndGlobalSection
	GlobalSection(ProjectConfigurationPlatforms) = postSolution
		{CABFCA96-A26B-4A8F-B923-AC5D92F68CE3}.Debug|Any CPU.ActiveCfg = Debug|Any CPU
		{CABFCA96-A26B-4A8F-B923-AC5D92F68CE3}.Debug|Any CPU.Build.0 = Debug|Any CPU
		{CABFCA96-A26B-4A8F-B923-AC5D92F68CE3}.Release|Any CPU.ActiveCfg = Release|Any CPU
		{CABFCA96-A26B-4A8F-B923-AC5D92F68CE3}.Release|Any CPU.Build.0 = Release|Any CPU
	EndGlobalSection
	GlobalSection(SolutionProperties) = preSolution
		HideSolutionNode = FALSE
	EndGlobalSection
	GlobalSection(ExtensibilityGlobals) = postSolution
		SolutionGuid = {D212BC6B-486A-40D3-878C-41CAB3CD2578}
	EndGlobalSection
EndGlobal
